// !$*UTF8*$!
{
	archiveVersion = 1;
	classes = {
	};
	objectVersion = 50;
	objects = {

/* Begin PBXBuildFile section */
		DD2E1B93215E746600F4FA96 /* AppDelegate.swift in Sources */ = {isa = PBXBuildFile; fileRef = DD2E1B92215E746600F4FA96 /* AppDelegate.swift */; };
		DD2E1B95215E746600F4FA96 /* RecordingViewController.swift in Sources */ = {isa = PBXBuildFile; fileRef = DD2E1B94215E746600F4FA96 /* RecordingViewController.swift */; };
		DD2E1B98215E746600F4FA96 /* Main.storyboard in Resources */ = {isa = PBXBuildFile; fileRef = DD2E1B96215E746600F4FA96 /* Main.storyboard */; };
		DD2E1B9A215E746800F4FA96 /* Assets.xcassets in Resources */ = {isa = PBXBuildFile; fileRef = DD2E1B99215E746800F4FA96 /* Assets.xcassets */; };
		DD2E1B9D215E746800F4FA96 /* LaunchScreen.storyboard in Resources */ = {isa = PBXBuildFile; fileRef = DD2E1B9B215E746800F4FA96 /* LaunchScreen.storyboard */; };
		DD2E1BA8215E746800F4FA96 /* Pitch_PerfectTests.swift in Sources */ = {isa = PBXBuildFile; fileRef = DD2E1BA7215E746800F4FA96 /* Pitch_PerfectTests.swift */; };
		DD2E1BB3215E746800F4FA96 /* Pitch_PerfectUITests.swift in Sources */ = {isa = PBXBuildFile; fileRef = DD2E1BB2215E746800F4FA96 /* Pitch_PerfectUITests.swift */; };
		DD784DB9216FABAC00FC2DB9 /* playsoundsviewcontroller-audio.swift in Sources */ = {isa = PBXBuildFile; fileRef = DD784DB8216FABAC00FC2DB9 /* playsoundsviewcontroller-audio.swift */; };
		DD8194FD216BB2DE00043A65 /* PlaySoundController.swift in Sources */ = {isa = PBXBuildFile; fileRef = DD8194FC216BB2DE00043A65 /* PlaySoundController.swift */; };
/* End PBXBuildFile section */

/* Begin PBXContainerItemProxy section */
		DD2E1BA4215E746800F4FA96 /* PBXContainerItemProxy */ = {
			isa = PBXContainerItemProxy;
			containerPortal = DD2E1B87215E746600F4FA96 /* Project object */;
			proxyType = 1;
			remoteGlobalIDString = DD2E1B8E215E746600F4FA96;
			remoteInfo = "Pitch Perfect";
		};
		DD2E1BAF215E746800F4FA96 /* PBXContainerItemProxy */ = {
			isa = PBXContainerItemProxy;
			containerPortal = DD2E1B87215E746600F4FA96 /* Project object */;
			proxyType = 1;
			remoteGlobalIDString = DD2E1B8E215E746600F4FA96;
			remoteInfo = "Pitch Perfect";
		};
/* End PBXContainerItemProxy section */

/* Begin PBXFileReference section */
		DD2E1B8F215E746600F4FA96 /* Pitch Perfect.app */ = {isa = PBXFileReference; explicitFileType = wrapper.application; includeInIndex = 0; path = "Pitch Perfect.app"; sourceTree = BUILT_PRODUCTS_DIR; };
		DD2E1B92215E746600F4FA96 /* AppDelegate.swift */ = {isa = PBXFileReference; lastKnownFileType = sourcecode.swift; path = AppDelegate.swift; sourceTree = "<group>"; };
		DD2E1B94215E746600F4FA96 /* RecordingViewController.swift */ = {isa = PBXFileReference; lastKnownFileType = sourcecode.swift; path = RecordingViewController.swift; sourceTree = "<group>"; };
		DD2E1B97215E746600F4FA96 /* Base */ = {isa = PBXFileReference; lastKnownFileType = file.storyboard; name = Base; path = Base.lproj/Main.storyboard; sourceTree = "<group>"; };
		DD2E1B99215E746800F4FA96 /* Assets.xcassets */ = {isa = PBXFileReference; lastKnownFileType = folder.assetcatalog; path = Assets.xcassets; sourceTree = "<group>"; };
		DD2E1B9C215E746800F4FA96 /* Base */ = {isa = PBXFileReference; lastKnownFileType = file.storyboard; name = Base; path = Base.lproj/LaunchScreen.storyboard; sourceTree = "<group>"; };
		DD2E1B9E215E746800F4FA96 /* Info.plist */ = {isa = PBXFileReference; lastKnownFileType = text.plist.xml; path = Info.plist; sourceTree = "<group>"; };
		DD2E1BA3215E746800F4FA96 /* Pitch PerfectTests.xctest */ = {isa = PBXFileReference; explicitFileType = wrapper.cfbundle; includeInIndex = 0; path = "Pitch PerfectTests.xctest"; sourceTree = BUILT_PRODUCTS_DIR; };
		DD2E1BA7215E746800F4FA96 /* Pitch_PerfectTests.swift */ = {isa = PBXFileReference; lastKnownFileType = sourcecode.swift; path = Pitch_PerfectTests.swift; sourceTree = "<group>"; };
		DD2E1BA9215E746800F4FA96 /* Info.plist */ = {isa = PBXFileReference; lastKnownFileType = text.plist.xml; path = Info.plist; sourceTree = "<group>"; };
		DD2E1BAE215E746800F4FA96 /* Pitch PerfectUITests.xctest */ = {isa = PBXFileReference; explicitFileType = wrapper.cfbundle; includeInIndex = 0; path = "Pitch PerfectUITests.xctest"; sourceTree = BUILT_PRODUCTS_DIR; };
		DD2E1BB2215E746800F4FA96 /* Pitch_PerfectUITests.swift */ = {isa = PBXFileReference; lastKnownFileType = sourcecode.swift; path = Pitch_PerfectUITests.swift; sourceTree = "<group>"; };
		DD2E1BB4215E746800F4FA96 /* Info.plist */ = {isa = PBXFileReference; lastKnownFileType = text.plist.xml; path = Info.plist; sourceTree = "<group>"; };
		DD784DB8216FABAC00FC2DB9 /* playsoundsviewcontroller-audio.swift */ = {isa = PBXFileReference; fileEncoding = 4; lastKnownFileType = sourcecode.swift; name = "playsoundsviewcontroller-audio.swift"; path = "../../../../../Desktop/playsoundsviewcontroller-audio.swift"; sourceTree = "<group>"; };
		DD8194FC216BB2DE00043A65 /* PlaySoundController.swift */ = {isa = PBXFileReference; lastKnownFileType = sourcecode.swift; path = PlaySoundController.swift; sourceTree = "<group>"; };
/* End PBXFileReference section */

/* Begin PBXFrameworksBuildPhase section */
		DD2E1B8C215E746600F4FA96 /* Frameworks */ = {
			isa = PBXFrameworksBuildPhase;
			buildActionMask = 2147483647;
			files = (
			);
			runOnlyForDeploymentPostprocessing = 0;
		};
		DD2E1BA0215E746800F4FA96 /* Frameworks */ = {
			isa = PBXFrameworksBuildPhase;
			buildActionMask = 2147483647;
			files = (
			);
			runOnlyForDeploymentPostprocessing = 0;
		};
		DD2E1BAB215E746800F4FA96 /* Frameworks */ = {
			isa = PBXFrameworksBuildPhase;
			buildActionMask = 2147483647;
			files = (
			);
			runOnlyForDeploymentPostprocessing = 0;
		};
/* End PBXFrameworksBuildPhase section */

/* Begin PBXGroup section */
		DD2E1B86215E746600F4FA96 = {
			isa = PBXGroup;
			children = (
				DD2E1B91215E746600F4FA96 /* Pitch Perfect */,
				DD2E1BA6215E746800F4FA96 /* Pitch PerfectTests */,
				DD2E1BB1215E746800F4FA96 /* Pitch PerfectUITests */,
				DD2E1B90215E746600F4FA96 /* Products */,
			);
			sourceTree = "<group>";
		};
		DD2E1B90215E746600F4FA96 /* Products */ = {
			isa = PBXGroup;
			children = (
				DD2E1B8F215E746600F4FA96 /* Pitch Perfect.app */,
				DD2E1BA3215E746800F4FA96 /* Pitch PerfectTests.xctest */,
				DD2E1BAE215E746800F4FA96 /* Pitch PerfectUITests.xctest */,
			);
			name = Products;
			sourceTree = "<group>";
		};
		DD2E1B91215E746600F4FA96 /* Pitch Perfect */ = {
			isa = PBXGroup;
			children = (
				DD2E1B92215E746600F4FA96 /* AppDelegate.swift */,
				DD2E1B94215E746600F4FA96 /* RecordingViewController.swift */,
				DD2E1B96215E746600F4FA96 /* Main.storyboard */,
				DD2E1B99215E746800F4FA96 /* Assets.xcassets */,
				DD2E1B9B215E746800F4FA96 /* LaunchScreen.storyboard */,
				DD2E1B9E215E746800F4FA96 /* Info.plist */,
				DD8194FC216BB2DE00043A65 /* PlaySoundController.swift */,
				DD784DB8216FABAC00FC2DB9 /* playsoundsviewcontroller-audio.swift */,
			);
			path = "Pitch Perfect";
			sourceTree = "<group>";
		};
		DD2E1BA6215E746800F4FA96 /* Pitch PerfectTests */ = {
			isa = PBXGroup;
			children = (
				DD2E1BA7215E746800F4FA96 /* Pitch_PerfectTests.swift */,
				DD2E1BA9215E746800F4FA96 /* Info.plist */,
			);
			path = "Pitch PerfectTests";
			sourceTree = "<group>";
		};
		DD2E1BB1215E746800F4FA96 /* Pitch PerfectUITests */ = {
			isa = PBXGroup;
			children = (
				DD2E1BB2215E746800F4FA96 /* Pitch_PerfectUITests.swift */,
				DD2E1BB4215E746800F4FA96 /* Info.plist */,
			);
			path = "Pitch PerfectUITests";
			sourceTree = "<group>";
		};
/* End PBXGroup section */

/* Begin PBXNativeTarget section */
		DD2E1B8E215E746600F4FA96 /* Pitch Perfect */ = {
			isa = PBXNativeTarget;
			buildConfigurationList = DD2E1BB7215E746800F4FA96 /* Build configuration list for PBXNativeTarget "Pitch Perfect" */;
			buildPhases = (
				DD2E1B8B215E746600F4FA96 /* Sources */,
				DD2E1B8C215E746600F4FA96 /* Frameworks */,
				DD2E1B8D215E746600F4FA96 /* Resources */,
			);
			buildRules = (
			);
			dependencies = (
			);
			name = "Pitch Perfect";
			productName = "Pitch Perfect";
			productReference = DD2E1B8F215E746600F4FA96 /* Pitch Perfect.app */;
			productType = "com.apple.product-type.application";
		};
		DD2E1BA2215E746800F4FA96 /* Pitch PerfectTests */ = {
			isa = PBXNativeTarget;
			buildConfigurationList = DD2E1BBA215E746800F4FA96 /* Build configuration list for PBXNativeTarget "Pitch PerfectTests" */;
			buildPhases = (
				DD2E1B9F215E746800F4FA96 /* Sources */,
				DD2E1BA0215E746800F4FA96 /* Frameworks */,
				DD2E1BA1215E746800F4FA96 /* Resources */,
			);
			buildRules = (
			);
			dependencies = (
				DD2E1BA5215E746800F4FA96 /* PBXTargetDependency */,
			);
			name = "Pitch PerfectTests";
			productName = "Pitch PerfectTests";
			productReference = DD2E1BA3215E746800F4FA96 /* Pitch PerfectTests.xctest */;
			productType = "com.apple.product-type.bundle.unit-test";
		};
		DD2E1BAD215E746800F4FA96 /* Pitch PerfectUITests */ = {
			isa = PBXNativeTarget;
			buildConfigurationList = DD2E1BBD215E746800F4FA96 /* Build configuration list for PBXNativeTarget "Pitch PerfectUITests" */;
			buildPhases = (
				DD2E1BAA215E746800F4FA96 /* Sources */,
				DD2E1BAB215E746800F4FA96 /* Frameworks */,
				DD2E1BAC215E746800F4FA96 /* Resources */,
			);
			buildRules = (
			);
			dependencies = (
				DD2E1BB0215E746800F4FA96 /* PBXTargetDependency */,
			);
			name = "Pitch PerfectUITests";
			productName = "Pitch PerfectUITests";
			productReference = DD2E1BAE215E746800F4FA96 /* Pitch PerfectUITests.xctest */;
			productType = "com.apple.product-type.bundle.ui-testing";
		};
/* End PBXNativeTarget section */

/* Begin PBXProject section */
		DD2E1B87215E746600F4FA96 /* Project object */ = {
			isa = PBXProject;
			attributes = {
				LastSwiftUpdateCheck = 0930;
				LastUpgradeCheck = 0930;
				ORGANIZATIONNAME = ORIONSCODE;
				TargetAttributes = {
					DD2E1B8E215E746600F4FA96 = {
						CreatedOnToolsVersion = 9.3;
					};
					DD2E1BA2215E746800F4FA96 = {
						CreatedOnToolsVersion = 9.3;
						TestTargetID = DD2E1B8E215E746600F4FA96;
					};
					DD2E1BAD215E746800F4FA96 = {
						CreatedOnToolsVersion = 9.3;
						TestTargetID = DD2E1B8E215E746600F4FA96;
					};
				};
			};
			buildConfigurationList = DD2E1B8A215E746600F4FA96 /* Build configuration list for PBXProject "Pitch Perfect" */;
			compatibilityVersion = "Xcode 9.3";
			developmentRegion = en;
			hasScannedForEncodings = 0;
			knownRegions = (
				en,
				Base,
			);
			mainGroup = DD2E1B86215E746600F4FA96;
			productRefGroup = DD2E1B90215E746600F4FA96 /* Products */;
			projectDirPath = "";
			projectRoot = "";
			targets = (
				DD2E1B8E215E746600F4FA96 /* Pitch Perfect */,
				DD2E1BA2215E746800F4FA96 /* Pitch PerfectTests */,
				DD2E1BAD215E746800F4FA96 /* Pitch PerfectUITests */,
			);
		};
/* End PBXProject section */

/* Begin PBXResourcesBuildPhase section */
		DD2E1B8D215E746600F4FA96 /* Resources */ = {
			isa = PBXResourcesBuildPhase;
			buildActionMask = 2147483647;
			files = (
				DD2E1B9D215E746800F4FA96 /* LaunchScreen.storyboard in Resources */,
				DD2E1B9A215E746800F4FA96 /* Assets.xcassets in Resources */,
				DD2E1B98215E746600F4FA96 /* Main.storyboard in Resources */,
			);
			runOnlyForDeploymentPostprocessing = 0;
		};
		DD2E1BA1215E746800F4FA96 /* Resources */ = {
			isa = PBXResourcesBuildPhase;
			buildActionMask = 2147483647;
			files = (
			);
			runOnlyForDeploymentPostprocessing = 0;
		};
		DD2E1BAC215E746800F4FA96 /* Resources */ = {
			isa = PBXResourcesBuildPhase;
			buildActionMask = 2147483647;
			files = (
			);
			runOnlyForDeploymentPostprocessing = 0;
		};
/* End PBXResourcesBuildPhase section */

/* Begin PBXSourcesBuildPhase section */
		DD2E1B8B215E746600F4FA96 /* Sources */ = {
			isa = PBXSourcesBuildPhase;
			buildActionMask = 2147483647;
			files = (
				DD2E1B95215E746600F4FA96 /* RecordingViewController.swift in Sources */,
				DD2E1B93215E746600F4FA96 /* AppDelegate.swift in Sources */,
				DD8194FD216BB2DE00043A65 /* PlaySoundController.swift in Sources */,
				DD784DB9216FABAC00FC2DB9 /* playsoundsviewcontroller-audio.swift in Sources */,
			);
			runOnlyForDeploymentPostprocessing = 0;
		};
		DD2E1B9F215E746800F4FA96 /* Sources */ = {
			isa = PBXSourcesBuildPhase;
			buildActionMask = 2147483647;
			files = (
				DD2E1BA8215E746800F4FA96 /* Pitch_PerfectTests.swift in Sources */,
			);
			runOnlyForDeploymentPostprocessing = 0;
		};
		DD2E1BAA215E746800F4FA96 /* Sources */ = {
			isa = PBXSourcesBuildPhase;
			buildActionMask = 2147483647;
			files = (
				DD2E1BB3215E746800F4FA96 /* Pitch_PerfectUITests.swift in Sources */,
			);
			runOnlyForDeploymentPostprocessing = 0;
		};
/* End PBXSourcesBuildPhase section */

/* Begin PBXTargetDependency section */
		DD2E1BA5215E746800F4FA96 /* PBXTargetDependency */ = {
			isa = PBXTargetDependency;
			target = DD2E1B8E215E746600F4FA96 /* Pitch Perfect */;
			targetProxy = DD2E1BA4215E746800F4FA96 /* PBXContainerItemProxy */;
		};
		DD2E1BB0215E746800F4FA96 /* PBXTargetDependency */ = {
			isa = PBXTargetDependency;
			target = DD2E1B8E215E746600F4FA96 /* Pitch Perfect */;
			targetProxy = DD2E1BAF215E746800F4FA96 /* PBXContainerItemProxy */;
		};
/* End PBXTargetDependency section */

/* Begin PBXVariantGroup section */
		DD2E1B96215E746600F4FA96 /* Main.storyboard */ = {
			isa = PBXVariantGroup;
			children = (
				DD2E1B97215E746600F4FA96 /* Base */,
			);
			name = Main.storyboard;
			sourceTree = "<group>";
		};
		DD2E1B9B215E746800F4FA96 /* LaunchScreen.storyboard */ = {
			isa = PBXVariantGroup;
			children = (
				DD2E1B9C215E746800F4FA96 /* Base */,
			);
			name = LaunchScreen.storyboard;
			sourceTree = "<group>";
		};
/* End PBXVariantGroup section */

/* Begin XCBuildConfiguration section */
		DD2E1BB5215E746800F4FA96 /* Debug */ = {
			isa = XCBuildConfiguration;
			buildSettings = {
				ALWAYS_SEARCH_USER_PATHS = NO;
				CLANG_ANALYZER_NONNULL = YES;
				CLANG_ANALYZER_NUMBER_OBJECT_CONVERSION = YES_AGGRESSIVE;
				CLANG_CXX_LANGUAGE_STANDARD = "gnu++14";
				CLANG_CXX_LIBRARY = "libc++";
				CLANG_ENABLE_MODULES = YES;
				CLANG_ENABLE_OBJC_ARC = YES;
				CLANG_ENABLE_OBJC_WEAK = YES;
				CLANG_WARN_BLOCK_CAPTURE_AUTORELEASING = YES;
				CLANG_WARN_BOOL_CONVERSION = YES;
				CLANG_WARN_COMMA = YES;
				CLANG_WARN_CONSTANT_CONVERSION = YES;
				CLANG_WARN_DEPRECATED_OBJC_IMPLEMENTATIONS = YES;
				CLANG_WARN_DIRECT_OBJC_ISA_USAGE = YES_ERROR;
				CLANG_WARN_DOCUMENTATION_COMMENTS = YES;
				CLANG_WARN_EMPTY_BODY = YES;
				CLANG_WARN_ENUM_CONVERSION = YES;
				CLANG_WARN_INFINITE_RECURSION = YES;
				CLANG_WARN_INT_CONVERSION = YES;
				CLANG_WARN_NON_LITERAL_NULL_CONVERSION = YES;
				CLANG_WARN_OBJC_IMPLICIT_RETAIN_SELF = YES;
				CLANG_WARN_OBJC_LITERAL_CONVERSION = YES;
				CLANG_WARN_OBJC_ROOT_CLASS = YES_ERROR;
				CLANG_WARN_RANGE_LOOP_ANALYSIS = YES;
				CLANG_WARN_STRICT_PROTOTYPES = YES;
				CLANG_WARN_SUSPICIOUS_MOVE = YES;
				CLANG_WARN_UNGUARDED_AVAILABILITY = YES_AGGRESSIVE;
				CLANG_WARN_UNREACHABLE_CODE = YES;
				CLANG_WARN__DUPLICATE_METHOD_MATCH = YES;
				CODE_SIGN_IDENTITY = "iPhone Developer";
				COPY_PHASE_STRIP = NO;
				DEBUG_INFORMATION_FORMAT = dwarf;
				ENABLE_STRICT_OBJC_MSGSEND = YES;
				ENABLE_TESTABILITY = YES;
				GCC_C_LANGUAGE_STANDARD = gnu11;
				GCC_DYNAMIC_NO_PIC = NO;
				GCC_NO_COMMON_BLOCKS = YES;
				GCC_OPTIMIZATION_LEVEL = 0;
				GCC_PREPROCESSOR_DEFINITIONS = (
					"DEBUG=1",
					"$(inherited)",
				);
				GCC_WARN_64_TO_32_BIT_CONVERSION = YES;
				GCC_WARN_ABOUT_RETURN_TYPE = YES_ERROR;
				GCC_WARN_UNDECLARED_SELECTOR = YES;
				GCC_WARN_UNINITIALIZED_AUTOS = YES_AGGRESSIVE;
				GCC_WARN_UNUSED_FUNCTION = YES;
				GCC_WARN_UNUSED_VARIABLE = YES;
				IPHONEOS_DEPLOYMENT_TARGET = 11.3;
				MTL_ENABLE_DEBUG_INFO = YES;
				ONLY_ACTIVE_ARCH = YES;
				SDKROOT = iphoneos;
				SWIFT_ACTIVE_COMPILATION_CONDITIONS = DEBUG;
				SWIFT_OPTIMIZATION_LEVEL = "-Onone";
			};
			name = Debug;
		};
		DD2E1BB6215E746800F4FA96 /* Release */ = {
			isa = XCBuildConfiguration;
			buildSettings = {
				ALWAYS_SEARCH_USER_PATHS = NO;
				CLANG_ANALYZER_NONNULL = YES;
				CLANG_ANALYZER_NUMBER_OBJECT_CONVERSION = YES_AGGRESSIVE;
				CLANG_CXX_LANGUAGE_STANDARD = "gnu++14";
				CLANG_CXX_LIBRARY = "libc++";
				CLANG_ENABLE_MODULES = YES;
				CLANG_ENABLE_OBJC_ARC = YES;
				CLANG_ENABLE_OBJC_WEAK = YES;
				CLANG_WARN_BLOCK_CAPTURE_AUTORELEASING = YES;
				CLANG_WARN_BOOL_CONVERSION = YES;
				CLANG_WARN_COMMA = YES;
				CLANG_WARN_CONSTANT_CONVERSION = YES;
				CLANG_WARN_DEPRECATED_OBJC_IMPLEMENTATIONS = YES;
				CLANG_WARN_DIRECT_OBJC_ISA_USAGE = YES_ERROR;
				CLANG_WARN_DOCUMENTATION_COMMENTS = YES;
				CLANG_WARN_EMPTY_BODY = YES;
				CLANG_WARN_ENUM_CONVERSION = YES;
				CLANG_WARN_INFINITE_RECURSION = YES;
				CLANG_WARN_INT_CONVERSION = YES;
				CLANG_WARN_NON_LITERAL_NULL_CONVERSION = YES;
				CLANG_WARN_OBJC_IMPLICIT_RETAIN_SELF = YES;
				CLANG_WARN_OBJC_LITERAL_CONVERSION = YES;
				CLANG_WARN_OBJC_ROOT_CLASS = YES_ERROR;
				CLANG_WARN_RANGE_LOOP_ANALYSIS = YES;
				CLANG_WARN_STRICT_PROTOTYPES = YES;
				CLANG_WARN_SUSPICIOUS_MOVE = YES;
				CLANG_WARN_UNGUARDED_AVAILABILITY = YES_AGGRESSIVE;
				CLANG_WARN_UNREACHABLE_CODE = YES;
				CLANG_WARN__DUPLICATE_METHOD_MATCH = YES;
				CODE_SIGN_IDENTITY = "iPhone Developer";
				COPY_PHASE_STRIP = NO;
				DEBUG_INFORMATION_FORMAT = "dwarf-with-dsym";
				ENABLE_NS_ASSERTIONS = NO;
				ENABLE_STRICT_OBJC_MSGSEND = YES;
				GCC_C_LANGUAGE_STANDARD = gnu11;
				GCC_NO_COMMON_BLOCKS = YES;
				GCC_WARN_64_TO_32_BIT_CONVERSION = YES;
				GCC_WARN_ABOUT_RETURN_TYPE = YES_ERROR;
				GCC_WARN_UNDECLARED_SELECTOR = YES;
				GCC_WARN_UNINITIALIZED_AUTOS = YES_AGGRESSIVE;
				GCC_WARN_UNUSED_FUNCTION = YES;
				GCC_WARN_UNUSED_VARIABLE = YES;
				IPHONEOS_DEPLOYMENT_TARGET = 11.3;
				MTL_ENABLE_DEBUG_INFO = NO;
				SDKROOT = iphoneos;
				SWIFT_COMPILATION_MODE = wholemodule;
				SWIFT_OPTIMIZATION_LEVEL = "-O";
				VALIDATE_PRODUCT = YES;
			};
			name = Release;
		};
		DD2E1BB8215E746800F4FA96 /* Debug */ = {
			isa = XCBuildConfiguration;
			buildSettings = {
				ASSETCATALOG_COMPILER_APPICON_NAME = AppIcon;
				CODE_SIGN_STYLE = Automatic;
				DEVELOPMENT_TEAM = X459S5U455;
				INFOPLIST_FILE = "Pitch Perfect/Info.plist";
				LD_RUNPATH_SEARCH_PATHS = (
					"$(inherited)",
					"@executable_path/Frameworks",
				);
				PRODUCT_BUNDLE_IDENTIFIER = "OrionStark.Pitch-Perfect";
				PRODUCT_NAME = "$(TARGET_NAME)";
				SWIFT_VERSION = 4.0;
				TARGETED_DEVICE_FAMILY = "1,2";
			};
			name = Debug;
		};
		DD2E1BB9215E746800F4FA96 /* Release */ = {
			isa = XCBuildConfiguration;
			buildSettings = {
				ASSETCATALOG_COMPILER_APPICON_NAME = AppIcon;
				CODE_SIGN_STYLE = Automatic;
				DEVELOPMENT_TEAM = X459S5U455;
				INFOPLIST_FILE = "Pitch Perfect/Info.plist";
				LD_RUNPATH_SEARCH_PATHS = (
					"$(inherited)",
					"@executable_path/Frameworks",
				);
				PRODUCT_BUNDLE_IDENTIFIER = "OrionStark.Pitch-Perfect";
				PRODUCT_NAME = "$(TARGET_NAME)";
				SWIFT_VERSION = 4.0;
				TARGETED_DEVICE_FAMILY = "1,2";
			};
			name = Release;
		};
		DD2E1BBB215E746800F4FA96 /* Debug */ = {
			isa = XCBuildConfiguration;
			buildSettings = {
				ALWAYS_EMBED_SWIFT_STANDARD_LIBRARIES = YES;
				BUNDLE_LOADER = "$(TEST_HOST)";
				CODE_SIGN_STYLE = Automatic;
				DEVELOPMENT_TEAM = X459S5U455;
				INFOPLIST_FILE = "Pitch PerfectTests/Info.plist";
				LD_RUNPATH_SEARCH_PATHS = (
					"$(inherited)",
					"@executable_path/Frameworks",
					"@loader_path/Frameworks",
				);
				PRODUCT_BUNDLE_IDENTIFIER = "OrionStark.Pitch-PerfectTests";
				PRODUCT_NAME = "$(TARGET_NAME)";
				SWIFT_VERSION = 4.0;
				TARGETED_DEVICE_FAMILY = "1,2";
				TEST_HOST = "$(BUILT_PRODUCTS_DIR)/Pitch Perfect.app/Pitch Perfect";
			};
			name = Debug;
		};
		DD2E1BBC215E746800F4FA96 /* Release */ = {
			isa = XCBuildConfiguration;
			buildSettings = {
				ALWAYS_EMBED_SWIFT_STANDARD_LIBRARIES = YES;
				BUNDLE_LOADER = "$(TEST_HOST)";
				CODE_SIGN_STYLE = Automatic;
				DEVELOPMENT_TEAM = X459S5U455;
				INFOPLIST_FILE = "Pitch PerfectTests/Info.plist";
				LD_RUNPATH_SEARCH_PATHS = (
					"$(inherited)",
					"@executable_path/Frameworks",
					"@loader_path/Frameworks",
				);
				PRODUCT_BUNDLE_IDENTIFIER = "OrionStark.Pitch-PerfectTests";
				PRODUCT_NAME = "$(TARGET_NAME)";
				SWIFT_VERSION = 4.0;
				TARGETED_DEVICE_FAMILY = "1,2";
				TEST_HOST = "$(BUILT_PRODUCTS_DIR)/Pitch Perfect.app/Pitch Perfect";
			};
			name = Release;
		};
		DD2E1BBE215E746800F4FA96 /* Debug */ = {
			isa = XCBuildConfiguration;
			buildSettings = {
				ALWAYS_EMBED_SWIFT_STANDARD_LIBRARIES = YES;
				CODE_SIGN_STYLE = Automatic;
				DEVELOPMENT_TEAM = X459S5U455;
				INFOPLIST_FILE = "Pitch PerfectUITests/Info.plist";
				LD_RUNPATH_SEARCH_PATHS = (
					"$(inherited)",
					"@executable_path/Frameworks",
					"@loader_path/Frameworks",
				);
				PRODUCT_BUNDLE_IDENTIFIER = "OrionStark.Pitch-PerfectUITests";
				PRODUCT_NAME = "$(TARGET_NAME)";
				SWIFT_VERSION = 4.0;
				TARGETED_DEVICE_FAMILY = "1,2";
				TEST_TARGET_NAME = "Pitch Perfect";
			};
			name = Debug;
		};
		DD2E1BBF215E746800F4FA96 /* Release */ = {
			isa = XCBuildConfiguration;
			buildSettings = {
				ALWAYS_EMBED_SWIFT_STANDARD_LIBRARIES = YES;
				CODE_SIGN_STYLE = Automatic;
				DEVELOPMENT_TEAM = X459S5U455;
				INFOPLIST_FILE = "Pitch PerfectUITests/Info.plist";
				LD_RUNPATH_SEARCH_PATHS = (
					"$(inherited)",
					"@executable_path/Frameworks",
					"@loader_path/Frameworks",
				);
				PRODUCT_BUNDLE_IDENTIFIER = "OrionStark.Pitch-PerfectUITests";
				PRODUCT_NAME = "$(TARGET_NAME)";
				SWIFT_VERSION = 4.0;
				TARGETED_DEVICE_FAMILY = "1,2";
				TEST_TARGET_NAME = "Pitch Perfect";
			};
			name = Release;
		};
/* End XCBuildConfiguration section */

/* Begin XCConfigurationList section */
		DD2E1B8A215E746600F4FA96 /* Build configuration list for PBXProject "Pitch Perfect" */ = {
			isa = XCConfigurationList;
			buildConfigurations = (
				DD2E1BB5215E746800F4FA96 /* Debug */,
				DD2E1BB6215E746800F4FA96 /* Release */,
			);
			defaultConfigurationIsVisible = 0;
			defaultConfigurationName = Release;
		};
		DD2E1BB7215E746800F4FA96 /* Build configuration list for PBXNativeTarget "Pitch Perfect" */ = {
			isa = XCConfigurationList;
			buildConfigurations = (
				DD2E1BB8215E746800F4FA96 /* Debug */,
				DD2E1BB9215E746800F4FA96 /* Release */,
			);
			defaultConfigurationIsVisible = 0;
			defaultConfigurationName = Release;
		};
		DD2E1BBA215E746800F4FA96 /* Build configuration list for PBXNativeTarget "Pitch PerfectTests" */ = {
			isa = XCConfigurationList;
			buildConfigurations = (
				DD2E1BBB215E746800F4FA96 /* Debug */,
				DD2E1BBC215E746800F4FA96 /* Release */,
			);
			defaultConfigurationIsVisible = 0;
			defaultConfigurationName = Release;
		};
		DD2E1BBD215E746800F4FA96 /* Build configuration list for PBXNativeTarget "Pitch PerfectUITests" */ = {
			isa = XCConfigurationList;
			buildConfigurations = (
				DD2E1BBE215E746800F4FA96 /* Debug */,
				DD2E1BBF215E746800F4FA96 /* Release */,
			);
			defaultConfigurationIsVisible = 0;
			defaultConfigurationName = Release;
		};
/* End XCConfigurationList section */
	};
	rootObject = DD2E1B87215E746600F4FA96 /* Project object */;
}
